# THIS IS AN AUTOGENERATED FILE. DO NOT EDIT THIS FILE DIRECTLY.
# yarn lockfile v1


"@actions/core@^1.10.0":
  version "1.10.0"
  resolved "https://registry.yarnpkg.com/@actions/core/-/core-1.10.0.tgz#44551c3c71163949a2f06e94d9ca2157a0cfac4f"
  integrity sha512-2aZDDa3zrrZbP5ZYg159sNoLRb61nQ7awl5pSvIq5Qpj81vwDzdMRKzkWJGJuwVvWpvZKx7vspJALyvaaIQyug==
  dependencies:
    "@actions/http-client" "^2.0.1"
    uuid "^8.3.2"

"@actions/github@^5.1.1":
  version "5.1.1"
  resolved "https://registry.yarnpkg.com/@actions/github/-/github-5.1.1.tgz#40b9b9e1323a5efcf4ff7dadd33d8ea51651bbcb"
  integrity sha512-Nk59rMDoJaV+mHCOJPXuvB1zIbomlKS0dmSIqPGxd0enAXBnOfn4VWF+CGtRCwXZG9Epa54tZA7VIRlJDS8A6g==
  dependencies:
    "@actions/http-client" "^2.0.1"
    "@octokit/core" "^3.6.0"
    "@octokit/plugin-paginate-rest" "^2.17.0"
    "@octokit/plugin-rest-endpoint-methods" "^5.13.0"

"@actions/http-client@^2.0.1":
  version "2.0.1"
  resolved "https://registry.yarnpkg.com/@actions/http-client/-/http-client-2.0.1.tgz#873f4ca98fe32f6839462a6f046332677322f99c"
  integrity sha512-PIXiMVtz6VvyaRsGY268qvj57hXQEpsYogYOu2nrQhlf+XCGmZstmuZBbAybUl1nQGnvS1k1eEsQ69ZoD7xlSw==
  dependencies:
    tunnel "^0.0.6"

"@esbuild/android-arm64@0.16.2":
  version "0.16.2"
  resolved "https://registry.yarnpkg.com/@esbuild/android-arm64/-/android-arm64-0.16.2.tgz#cdc8e99494d80a6ebfc7abc41914c4a8b98314ae"
  integrity sha512-3CjbygjFHmtxDW59FOUM1T28G+aVqzbM+cNNinMgRUq+bmAstJdqmJL/KqpUwuCRTri4BgHJRWQbHOQFLwIpxw==

"@esbuild/android-arm@0.16.2":
  version "0.16.2"
  resolved "https://registry.yarnpkg.com/@esbuild/android-arm/-/android-arm-0.16.2.tgz#585ac1f25abce4c7b996f0a84f33f0ae6df043cb"
  integrity sha512-t8zq/Ad8njye3tYkbdBYAEGBExCyqFuPnKmKgLBF9+nIwAS/V3FYck6BjAx813JCGXkNsR1iriS8jQFwydT+FA==

"@esbuild/android-x64@0.16.2":
  version "0.16.2"
  resolved "https://registry.yarnpkg.com/@esbuild/android-x64/-/android-x64-0.16.2.tgz#544d96e13f9551365b360d1139bed3c1da5cd575"
  integrity sha512-J5pzzVs9gHRQff8vUBhGMRQU1avwD9IVTSfzhdnKRqlxq0hsdcgZxH95Ckj/q2KJ4nMPYfDBSRXrrvQ4PyMpFA==

"@esbuild/darwin-arm64@0.16.2":
  version "0.16.2"
  resolved "https://registry.yarnpkg.com/@esbuild/darwin-arm64/-/darwin-arm64-0.16.2.tgz#f417bc18cb80cfaa95aecb8ddc9e6a74be26c92c"
  integrity sha512-XmjlYmR1UTEdMT2X3TxnA0hG8zOi3q/BzqNN6/PDBxw/UxE9gdj7LGwiQus5HHZM03vSvjRO7WJ7qaJBGBWnpQ==

"@esbuild/darwin-x64@0.16.2":
  version "0.16.2"
  resolved "https://registry.yarnpkg.com/@esbuild/darwin-x64/-/darwin-x64-0.16.2.tgz#d2695c66fd8a4e17a2f7d2c9f2bd6babf1c9c161"
  integrity sha512-nq5cXgzbXHhBqZEPpuXrf2+BV6QWUM8vAyT/ElJrdIkoGOHwNQJEqZHl3KOWK+1V3KXEXgJhh7DsLixIc677ZQ==

"@esbuild/freebsd-arm64@0.16.2":
  version "0.16.2"
  resolved "https://registry.yarnpkg.com/@esbuild/freebsd-arm64/-/freebsd-arm64-0.16.2.tgz#3abbf2a113dbcb77f253f031c412a27874a31b71"
  integrity sha512-1QuZr7GnoipDYMFJDucqXmVvJZidZuHbvw5QLzBehYq67GR1Jub9pSo6O0Rt4LtKnu3TF2K/bjgzPJAGFY6W4Q==

"@esbuild/freebsd-x64@0.16.2":
  version "0.16.2"
  resolved "https://registry.yarnpkg.com/@esbuild/freebsd-x64/-/freebsd-x64-0.16.2.tgz#7e68876fbe0e6e8fc9f45f880a2b393e61f54bf3"
  integrity sha512-uvbv99Wg2T489bqUz4gYVb2IpSSZZP/uTkaZpaLN+h3x58FmsLT4o7bF1Refd2JIKuONxSobljlk5/K/RD9SsQ==

"@esbuild/linux-arm64@0.16.2":
  version "0.16.2"
  resolved "https://registry.yarnpkg.com/@esbuild/linux-arm64/-/linux-arm64-0.16.2.tgz#2d186a0f336a4022b38c0994404ad4541b850d46"
  integrity sha512-S7EwMhEUMzYfd9KTHJX7Y3bKz7/9sZDRJPp10EOQ3Qqp10WvX2G42Q2c7rfymnm9aM5ZWs+W8WgbLFAUnjC3Wg==

"@esbuild/linux-arm@0.16.2":
  version "0.16.2"
  resolved "https://registry.yarnpkg.com/@esbuild/linux-arm/-/linux-arm-0.16.2.tgz#3a816b6349655ac5e80117947543028d8eedeaf8"
  integrity sha512-8n2UozHygOGXzgysim6GifKjv+lW4fs3mlfaoKerwBIOT9OBCo1Q4AjvbtU3F+2AGyo8eavxnj6Xxx0DRTOwiw==

"@esbuild/linux-ia32@0.16.2":
  version "0.16.2"
  resolved "https://registry.yarnpkg.com/@esbuild/linux-ia32/-/linux-ia32-0.16.2.tgz#6ec937d2c4a17db5c6bb0b898e86c42df97422f4"
  integrity sha512-TRz3MDvv65zXZ4NTJYi1yyVj17Qrsm8y6J8r4qIdd2qszRLPHmte4LAazPa7g+To6QfM2kL3gHmVhwV6GcYz0g==

"@esbuild/linux-loong64@0.16.2":
  version "0.16.2"
  resolved "https://registry.yarnpkg.com/@esbuild/linux-loong64/-/linux-loong64-0.16.2.tgz#6f611b6e03f5404b5e3d45040f0d743071b1229b"
  integrity sha512-yhHJCvPQjh/8wLEk336QzXMHYnMKJdzLcNAnXwVawSvsLqyzTYrGshrO1YMhzs5cWgR75DFNnhcAFgEtleAZOw==

"@esbuild/linux-mips64el@0.16.2":
  version "0.16.2"
  resolved "https://registry.yarnpkg.com/@esbuild/linux-mips64el/-/linux-mips64el-0.16.2.tgz#5c76d385d68189336b78dfc933a77d13465eee5c"
  integrity sha512-YwMpV41qIKRHASV4MaaA/PKk9CoZ4QyVyPXhUtLTO9kPWtWECRI4MTBrGIb9kGUpL6I+jiT4fAZn8YpWSGBkQg==

"@esbuild/linux-ppc64@0.16.2":
  version "0.16.2"
  resolved "https://registry.yarnpkg.com/@esbuild/linux-ppc64/-/linux-ppc64-0.16.2.tgz#db567dd114122bcb034910d79000ea9cca9db897"
  integrity sha512-s4YuINcRxCA9TElEf2iBdG6oZWdNu2Eb6R9TbRBcZOTdcgdBKIinaVyEiQ8H6nmCafWCuuJT8u66zds2ET3t1Q==

"@esbuild/linux-riscv64@0.16.2":
  version "0.16.2"
  resolved "https://registry.yarnpkg.com/@esbuild/linux-riscv64/-/linux-riscv64-0.16.2.tgz#72e1fd9cc9972e662fcef9138636bd1259c3cd3a"
  integrity sha512-oacL6QGqVRhBCbBlFxODYfcCkB6tPmfanaWnsuHNI7m9LVkBuuDKpsC3XWOwkEQiLIJcvhhZKOkkgw49KxS1Dw==

"@esbuild/linux-s390x@0.16.2":
  version "0.16.2"
  resolved "https://registry.yarnpkg.com/@esbuild/linux-s390x/-/linux-s390x-0.16.2.tgz#b0fd46338d0b4906cfc7e9c4b1850960432f2f7a"
  integrity sha512-5ifr0lshZbLI457Qe6y3MsDYv1cSOJ8awgi0HT14cS59WliT7bDkrr3kmDw/LqGOAPyDvDD+U8s2cFBSENetuA==

"@esbuild/linux-x64@0.16.2":
  version "0.16.2"
  resolved "https://registry.yarnpkg.com/@esbuild/linux-x64/-/linux-x64-0.16.2.tgz#f323afb5e3f433093078dbfa261e8148970ada20"
  integrity sha512-TA/ORYlP6h2pfB/dzrPTMFWd1MaUYy7kwblWdzwkUtsTAJAKJlZwBhkKftSaUNNU5wtXNJ9+ucMDf7vBPbDjlw==

"@esbuild/netbsd-x64@0.16.2":
  version "0.16.2"
  resolved "https://registry.yarnpkg.com/@esbuild/netbsd-x64/-/netbsd-x64-0.16.2.tgz#fa5c5ad79bbadfbd741423ee4ab22d2b0c55143f"
  integrity sha512-oBH2Aj4fL9FLlkIi2wYGckydKHVKmYrqiqt91i6kFE1mF7B05YYttrlOHAf3JzWIJQWyvzvsmoA/XFPf1sTgBw==

"@esbuild/openbsd-x64@0.16.2":
  version "0.16.2"
  resolved "https://registry.yarnpkg.com/@esbuild/openbsd-x64/-/openbsd-x64-0.16.2.tgz#a20232bdb2ed8731294bed401cbf0e10dada4540"
  integrity sha512-eKOpYr7CiF9GZxu18iOQGfzQ4htO6KGhXriW2raJvRO0G27Lu7ArAI/kW71yTPaFqlf9gCmCGaTPr2tmiUePVg==

"@esbuild/sunos-x64@0.16.2":
  version "0.16.2"
  resolved "https://registry.yarnpkg.com/@esbuild/sunos-x64/-/sunos-x64-0.16.2.tgz#d57d9b3121b028dcee8d7ec556b514a0545872c9"
  integrity sha512-1HsQLVnjhlscekE8H5Xj49xPvd0c74eoZEjh+OUnr+x7vCXdTVdFDgao9QM0H9zfioxJN1ZH7534LwxEaAWaIA==

"@esbuild/win32-arm64@0.16.2":
  version "0.16.2"
  resolved "https://registry.yarnpkg.com/@esbuild/win32-arm64/-/win32-arm64-0.16.2.tgz#a548cff2e5bcd5cdfe1431320b9fee81440d26f1"
  integrity sha512-G9AWjsnVxGQj8z0WgaDwTKgXzwc9zLPYDFoLE4oAGI/TQnft0eQjc+CKiWRyoa+a/c3XIFGXoWnW+17kbibSfA==

"@esbuild/win32-ia32@0.16.2":
  version "0.16.2"
  resolved "https://registry.yarnpkg.com/@esbuild/win32-ia32/-/win32-ia32-0.16.2.tgz#8f96eb33303344ec70460a44d3189b673e29cf5b"
  integrity sha512-UJqmfPsiSX/wP1kY5JMordRqNU2r8n8ieXmNimp4r35sQEX3bjnSkPJ2E8BM8W8ecmEL+oDjYjulkTT3zSPa1g==

"@esbuild/win32-x64@0.16.2":
  version "0.16.2"
  resolved "https://registry.yarnpkg.com/@esbuild/win32-x64/-/win32-x64-0.16.2.tgz#01350ef54fb4b2a0b423072d30deceaa5c1c529e"
  integrity sha512-1+PQiGAbbGlIXXlp9i/5JRpodCsozGTjffaD4W1LgeoynWef38VD8NNC8yG366NYXHHHLR1pN6MQZ9r2na/S1A==

"@octokit/auth-token@^2.4.4":
  version "2.5.0"
  resolved "https://registry.yarnpkg.com/@octokit/auth-token/-/auth-token-2.5.0.tgz#27c37ea26c205f28443402477ffd261311f21e36"
  integrity sha512-r5FVUJCOLl19AxiuZD2VRZ/ORjp/4IN98Of6YJoJOkY75CIBuYfmiNHGrDwXr+aLGG55igl9QrxX3hbiXlLb+g==
  dependencies:
    "@octokit/types" "^6.0.3"

"@octokit/core@^3.6.0":
  version "3.6.0"
  resolved "https://registry.yarnpkg.com/@octokit/core/-/core-3.6.0.tgz#3376cb9f3008d9b3d110370d90e0a1fcd5fe6085"
  integrity sha512-7RKRKuA4xTjMhY+eG3jthb3hlZCsOwg3rztWh75Xc+ShDWOfDDATWbeZpAHBNRpm4Tv9WgBMOy1zEJYXG6NJ7Q==
  dependencies:
    "@octokit/auth-token" "^2.4.4"
    "@octokit/graphql" "^4.5.8"
    "@octokit/request" "^5.6.3"
    "@octokit/request-error" "^2.0.5"
    "@octokit/types" "^6.0.3"
    before-after-hook "^2.2.0"
    universal-user-agent "^6.0.0"

"@octokit/endpoint@^6.0.1":
  version "6.0.12"
  resolved "https://registry.yarnpkg.com/@octokit/endpoint/-/endpoint-6.0.12.tgz#3b4d47a4b0e79b1027fb8d75d4221928b2d05658"
  integrity sha512-lF3puPwkQWGfkMClXb4k/eUT/nZKQfxinRWJrdZaJO85Dqwo/G0yOC434Jr2ojwafWJMYqFGFa5ms4jJUgujdA==
  dependencies:
    "@octokit/types" "^6.0.3"
    is-plain-object "^5.0.0"
    universal-user-agent "^6.0.0"

"@octokit/graphql@^4.5.8":
  version "4.8.0"
  resolved "https://registry.yarnpkg.com/@octokit/graphql/-/graphql-4.8.0.tgz#664d9b11c0e12112cbf78e10f49a05959aa22cc3"
  integrity sha512-0gv+qLSBLKF0z8TKaSKTsS39scVKF9dbMxJpj3U0vC7wjNWFuIpL/z76Qe2fiuCbDRcJSavkXsVtMS6/dtQQsg==
  dependencies:
    "@octokit/request" "^5.6.0"
    "@octokit/types" "^6.0.3"
    universal-user-agent "^6.0.0"

"@octokit/openapi-types@^12.7.0":
  version "12.8.0"
  resolved "https://registry.yarnpkg.com/@octokit/openapi-types/-/openapi-types-12.8.0.tgz#f4708cf948724d6e8f7d878cfd91584c1c5c0523"
  integrity sha512-ydcKLs2KKcxlhpdWLzJxEBDEk/U5MUeqtqkXlrtAUXXFPs6vLl1PEGghFC/BbpleosB7iXs0Z4P2DGe7ZT5ZNg==

"@octokit/plugin-paginate-rest@^2.17.0":
  version "2.21.2"
  resolved "https://registry.yarnpkg.com/@octokit/plugin-paginate-rest/-/plugin-paginate-rest-2.21.2.tgz#070be9bb18cb78e52b471ddc3551d28355e2d5e2"
  integrity sha512-S24H0a6bBVreJtoTaRHT/gnVASbOHVTRMOVIqd9zrJBP3JozsxJB56TDuTUmd1xLI4/rAE2HNmThvVKtIdLLEw==
  dependencies:
    "@octokit/types" "^6.39.0"

"@octokit/plugin-rest-endpoint-methods@^5.13.0":
  version "5.16.2"
  resolved "https://registry.yarnpkg.com/@octokit/plugin-rest-endpoint-methods/-/plugin-rest-endpoint-methods-5.16.2.tgz#7ee8bf586df97dd6868cf68f641354e908c25342"
  integrity sha512-8QFz29Fg5jDuTPXVtey05BLm7OB+M8fnvE64RNegzX7U+5NUXcOcnpTIK0YfSHBg8gYd0oxIq3IZTe9SfPZiRw==
  dependencies:
    "@octokit/types" "^6.39.0"
    deprecation "^2.3.1"

"@octokit/request-error@^2.0.5", "@octokit/request-error@^2.1.0":
  version "2.1.0"
  resolved "https://registry.yarnpkg.com/@octokit/request-error/-/request-error-2.1.0.tgz#9e150357831bfc788d13a4fd4b1913d60c74d677"
  integrity sha512-1VIvgXxs9WHSjicsRwq8PlR2LR2x6DwsJAaFgzdi0JfJoGSO8mYI/cHJQ+9FbN21aa+DrgNLnwObmyeSC8Rmpg==
  dependencies:
    "@octokit/types" "^6.0.3"
    deprecation "^2.0.0"
    once "^1.4.0"

"@octokit/request@^5.6.0", "@octokit/request@^5.6.3":
  version "5.6.3"
  resolved "https://registry.yarnpkg.com/@octokit/request/-/request-5.6.3.tgz#19a022515a5bba965ac06c9d1334514eb50c48b0"
  integrity sha512-bFJl0I1KVc9jYTe9tdGGpAMPy32dLBXXo1dS/YwSCTL/2nd9XeHsY616RE3HPXDVk+a+dBuzyz5YdlXwcDTr2A==
  dependencies:
    "@octokit/endpoint" "^6.0.1"
    "@octokit/request-error" "^2.1.0"
    "@octokit/types" "^6.16.1"
    is-plain-object "^5.0.0"
    node-fetch "^2.6.7"
    universal-user-agent "^6.0.0"

"@octokit/types@^6.0.3", "@octokit/types@^6.16.1", "@octokit/types@^6.39.0":
  version "6.39.0"
  resolved "https://registry.yarnpkg.com/@octokit/types/-/types-6.39.0.tgz#46ce28ca59a3d4bac0e487015949008302e78eee"
  integrity sha512-Mq4N9sOAYCitTsBtDdRVrBE80lIrMBhL9Jbrw0d+j96BAzlq4V+GLHFJbHokEsVvO/9tQupQdoFdgVYhD2C8UQ==
  dependencies:
    "@octokit/openapi-types" "^12.7.0"

before-after-hook@^2.2.0:
  version "2.2.2"
  resolved "https://registry.yarnpkg.com/before-after-hook/-/before-after-hook-2.2.2.tgz#a6e8ca41028d90ee2c24222f201c90956091613e"
  integrity sha512-3pZEU3NT5BFUo/AD5ERPWOgQOCZITni6iavr5AUw5AUwQjMlI0kzu5btnyD39AF0gUEsDPwJT+oY1ORBJijPjQ==

deprecation@^2.0.0, deprecation@^2.3.1:
  version "2.3.1"
  resolved "https://registry.yarnpkg.com/deprecation/-/deprecation-2.3.1.tgz#6368cbdb40abf3373b525ac87e4a260c3a700919"
  integrity sha512-xmHIy4F3scKVwMsQ4WnVaS8bHOx0DmVwRywosKhaILI0ywMDWPtBSku2HNxRvF7jtwDRsoEwYQSfbxj8b7RlJQ==

esbuild@^0.16.2:
  version "0.16.2"
  resolved "https://registry.yarnpkg.com/esbuild/-/esbuild-0.16.2.tgz#5d864a37c12a8b19340ead348b2cd51b096bbde8"
  integrity sha512-Rv/CJquZKE00irDLDpk9jmWmtxx1NW+MGpBbNNouaDY0oBwk806uJ51WpLaJBQUxhZqLauX2rrNol5lVQceHJw==
  optionalDependencies:
    "@esbuild/android-arm" "0.16.2"
    "@esbuild/android-arm64" "0.16.2"
    "@esbuild/android-x64" "0.16.2"
    "@esbuild/darwin-arm64" "0.16.2"
    "@esbuild/darwin-x64" "0.16.2"
    "@esbuild/freebsd-arm64" "0.16.2"
    "@esbuild/freebsd-x64" "0.16.2"
    "@esbuild/linux-arm" "0.16.2"
    "@esbuild/linux-arm64" "0.16.2"
    "@esbuild/linux-ia32" "0.16.2"
    "@esbuild/linux-loong64" "0.16.2"
    "@esbuild/linux-mips64el" "0.16.2"
    "@esbuild/linux-ppc64" "0.16.2"
    "@esbuild/linux-riscv64" "0.16.2"
    "@esbuild/linux-s390x" "0.16.2"
    "@esbuild/linux-x64" "0.16.2"
    "@esbuild/netbsd-x64" "0.16.2"
    "@esbuild/openbsd-x64" "0.16.2"
    "@esbuild/sunos-x64" "0.16.2"
    "@esbuild/win32-arm64" "0.16.2"
    "@esbuild/win32-ia32" "0.16.2"
    "@esbuild/win32-x64" "0.16.2"

is-plain-object@^5.0.0:
  version "5.0.0"
  resolved "https://registry.yarnpkg.com/is-plain-object/-/is-plain-object-5.0.0.tgz#4427f50ab3429e9025ea7d52e9043a9ef4159344"
  integrity sha512-VRSzKkbMm5jMDoKLbltAkFQ5Qr7VDiTFGXxYFXXowVj387GeGNOCsOH6Msy00SGZ3Fp84b1Naa1psqgcCIEP5Q==

node-fetch@^2.6.7:
  version "2.6.7"
  resolved "https://registry.yarnpkg.com/node-fetch/-/node-fetch-2.6.7.tgz#24de9fba827e3b4ae44dc8b20256a379160052ad"
  integrity sha512-ZjMPFEfVx5j+y2yF35Kzx5sF7kDzxuDj6ziH4FFbOp87zKDZNx8yExJIb05OGF4Nlt9IHFIMBkRl41VdvcNdbQ==
  dependencies:
    whatwg-url "^5.0.0"

once@^1.4.0:
  version "1.4.0"
  resolved "https://registry.yarnpkg.com/once/-/once-1.4.0.tgz#583b1aa775961d4b113ac17d9c50baef9dd76bd1"
  integrity sha512-lNaJgI+2Q5URQBkccEKHTQOPaXdUxnZZElQTZY0MFUAuaEqe1E+Nyvgdz/aIyNi6Z9MzO5dv1H8n58/GELp3+w==
  dependencies:
    wrappy "1"

tr46@~0.0.3:
  version "0.0.3"
  resolved "https://registry.yarnpkg.com/tr46/-/tr46-0.0.3.tgz#8184fd347dac9cdc185992f3a6622e14b9d9ab6a"
  integrity sha512-N3WMsuqV66lT30CrXNbEjx4GEwlow3v6rr4mCcv6prnfwhS01rkgyFdjPNBYd9br7LpXV1+Emh01fHnq2Gdgrw==

tunnel@^0.0.6:
  version "0.0.6"
  resolved "https://registry.yarnpkg.com/tunnel/-/tunnel-0.0.6.tgz#72f1314b34a5b192db012324df2cc587ca47f92c"
  integrity sha512-1h/Lnq9yajKY2PEbBadPXj3VxsDDu844OnaAo52UVmIzIvwwtBPIuNvkjuzBlTWpfJyUbG3ez0KSBibQkj4ojg==

universal-user-agent@^6.0.0:
  version "6.0.0"
  resolved "https://registry.yarnpkg.com/universal-user-agent/-/universal-user-agent-6.0.0.tgz#3381f8503b251c0d9cd21bc1de939ec9df5480ee"
  integrity sha512-isyNax3wXoKaulPDZWHQqbmIx1k2tb9fb3GGDBRxCscfYV2Ch7WxPArBsFEG8s/safwXTT7H4QGhaIkTp9447w==

uuid@^8.3.2:
  version "8.3.2"
  resolved "https://registry.yarnpkg.com/uuid/-/uuid-8.3.2.tgz#80d5b5ced271bb9af6c445f21a1a04c606cefbe2"
  integrity sha512-+NYs2QeMWy+GWFOEm9xnn6HCDp0l7QBD7ml8zLUmJ+93Q5NF0NocErnwkTkXVFNiX3/fpC6afS8Dhb/gz7R7eg==

webidl-conversions@^3.0.0:
  version "3.0.1"
  resolved "https://registry.yarnpkg.com/webidl-conversions/-/webidl-conversions-3.0.1.tgz#24534275e2a7bc6be7bc86611cc16ae0a5654871"
  integrity sha512-2JAn3z8AR6rjK8Sm8orRC0h/bcl/DqL7tRPdGZ4I1CjdF+EaMLmYxBHyXuKL849eucPFhvBoxMsflfOb8kxaeQ==

whatwg-url@^5.0.0:
  version "5.0.0"
  resolved "https://registry.yarnpkg.com/whatwg-url/-/whatwg-url-5.0.0.tgz#966454e8765462e37644d3626f6742ce8b70965d"
  integrity sha512-saE57nupxk6v3HY35+jzBwYa0rKSy0XR8JSxZPwgLr7ys0IBzhGviA1/TUGJLmSVqs8pb9AnvICXEuOHLprYTw==
  dependencies:
    tr46 "~0.0.3"
    webidl-conversions "^3.0.0"

wrappy@1:
  version "1.0.2"
  resolved "https://registry.yarnpkg.com/wrappy/-/wrappy-1.0.2.tgz#b5243d8f3ec1aa35f1364605bc0d1036e30ab69f"
  integrity sha512-l4Sp/DRseor9wL6EvV2+TuQn63dMkPjZ/sp9XkghTEbV9KlPS1xUsZ3u7/IQO4wxtcFB4bgpQPRcR3QCvezPcQ==
